{
  "version": 1,
  "dependencies": {
    "net7.0": {
      "Microsoft.AspNetCore.OpenApi": {
        "type": "Direct",
        "requested": "[7.0.17, )",
        "resolved": "7.0.17",
        "contentHash": "OtUlfxRd5Elr6CZtQ2Onc3bz2aNZTTFe/HY1Kf3sDSirM/T4mcc2cI4FRpDTakux/gUjZ1sw8zttjz3XUAXPCQ==",
        "dependencies": {
          "Microsoft.OpenApi": "1.4.3"
        }
      },
      "NetTopologySuite": {
        "type": "Direct",
        "requested": "[2.5.0, )",
        "resolved": "2.5.0",
        "contentHash": "5/+2O2ADomEdUn09mlSigACdqvAf0m/pVPGtIPEPQWnyrVykYY0NlfXLIdkMgi41kvH9kNrPqYaFBTZtHYH7Xw==",
        "dependencies": {
          "System.Memory": "4.5.4"
        }
      },
      "NetTopologySuite.IO.GeoJSON": {
        "type": "Direct",
        "requested": "[4.0.0, )",
        "resolved": "4.0.0",
        "contentHash": "AWpcRwPAIrUZfghQat7bXK9dAckhuAxKF/Yvp+DoctLpct7pilj0Y+VCiof/8NlaclGlrISSfgnu3Tbvq6T2ug==",
        "dependencies": {
          "NetTopologySuite": "[2.0.0, 3.0.0-A)",
          "NetTopologySuite.Features": "[2.0.0, 3.0.0-A)",
          "Newtonsoft.Json": "13.0.1"
        }
      },
      "NetTopologySuite.IO.GeoJSON4STJ": {
        "type": "Direct",
        "requested": "[4.0.0, )",
        "resolved": "4.0.0",
        "contentHash": "Jdm9qBVDcHkrVn3fm3knw6pGu3Ggn31tGVRyIP1/5HSL+8EDPfUnEZF0+oVFBkOKR9tqu9aV2jmEX42Kq8F2Yw==",
        "dependencies": {
          "NetTopologySuite": "[2.0.0, 3.0.0-A)",
          "NetTopologySuite.Features": "[2.1.0, 3.0.0-A)",
          "System.Text.Json": "6.0.3"
        }
      },
      "NSwag.AspNetCore": {
        "type": "Direct",
        "requested": "[13.20.0, )",
        "resolved": "13.20.0",
        "contentHash": "1pzerLyWoCCBR4toBIatqzXTNVmDpJ2iCKeA1Ht/m+lu575guj2UZHD3clHUAwosvkRKIEh//xjRSncE/AO9gQ==",
        "dependencies": {
          "Microsoft.Extensions.ApiDescription.Server": "6.0.3",
          "Microsoft.Extensions.FileProviders.Embedded": "[7.0.0, 8.0.0)",
          "NSwag.Annotations": "13.20.0",
          "NSwag.Core": "13.20.0",
          "NSwag.Core.Yaml": "13.20.0",
          "NSwag.Generation": "13.20.0",
          "NSwag.Generation.AspNetCore": "13.20.0"
        }
      },
      "NSwag.MSBuild": {
        "type": "Direct",
        "requested": "[13.20.0, )",
        "resolved": "13.20.0",
        "contentHash": "3Z+7gCh+hb9DbK7O0iRgt2iDLOeZAVMpGyJ4UQUs/yUClQSNdA+QWmStlnSyx+jCTQX+tAcLSN6H5kw5Q6hCLA=="
      },
      "Swashbuckle.AspNetCore": {
        "type": "Direct",
        "requested": "[6.5.0, )",
        "resolved": "6.5.0",
        "contentHash": "FK05XokgjgwlCI6wCT+D4/abtQkL1X1/B9Oas6uIwHFmYrIO9WUD5aLC9IzMs9GnHfUXOtXZ2S43gN1mhs5+aA==",
        "dependencies": {
          "Microsoft.Extensions.ApiDescription.Server": "6.0.5",
          "Swashbuckle.AspNetCore.Swagger": "6.5.0",
          "Swashbuckle.AspNetCore.SwaggerGen": "6.5.0",
          "Swashbuckle.AspNetCore.SwaggerUI": "6.5.0"
        }
      },
      "Microsoft.CSharp": {
        "type": "Transitive",
        "resolved": "4.4.1",
        "contentHash": "A5hI3gk6WpcBI0QGZY6/d5CCaYUxJgi7iENn1uYEng+Olo8RfI5ReGVkjXjeu3VR3srLvVYREATXa2M0X7FYJA=="
      },
      "Microsoft.Extensions.ApiDescription.Server": {
        "type": "Transitive",
        "resolved": "6.0.5",
        "contentHash": "Ckb5EDBUNJdFWyajfXzUIMRkhf52fHZOQuuZg/oiu8y7zDCVwD0iHhew6MnThjHmevanpxL3f5ci2TtHQEN6bw=="
      },
      "Microsoft.Extensions.DependencyInjection.Abstractions": {
        "type": "Transitive",
        "resolved": "7.0.0",
        "contentHash": "h3j/QfmFN4S0w4C2A6X7arXij/M/OVw3uQHSOFxnND4DyAzO1F9eMX7Eti7lU/OkSthEE0WzRsfT/Dmx86jzCw=="
      },
      "Microsoft.Extensions.FileProviders.Abstractions": {
        "type": "Transitive",
        "resolved": "7.0.0",
        "contentHash": "NyawiW9ZT/liQb34k9YqBSNPLuuPkrjMgQZ24Y/xXX1RoiBkLUdPMaQTmxhZ5TYu8ZKZ9qayzil75JX95vGQUg==",
        "dependencies": {
          "Microsoft.Extensions.Primitives": "7.0.0"
        }
      },
      "Microsoft.Extensions.FileProviders.Embedded": {
        "type": "Transitive",
        "resolved": "7.0.0",
        "contentHash": "mh0rIIjKO7PiU7VPtC92LlIG2lpWVCnGIEqBk8ru2oMWEVQ/gJDizePv1fdmnljwC4e69jtYknXYmLNwm0dZEg==",
        "dependencies": {
          "Microsoft.Extensions.FileProviders.Abstractions": "7.0.0"
        }
      },
      "Microsoft.Extensions.Options": {
        "type": "Transitive",
        "resolved": "7.0.0",
        "contentHash": "lP1yBnTTU42cKpMozuafbvNtQ7QcBjr/CcK3bYOGEMH55Fjt+iecXjT6chR7vbgCMqy3PG3aNQSZgo/EuY/9qQ==",
        "dependencies": {
          "Microsoft.Extensions.DependencyInjection.Abstractions": "7.0.0",
          "Microsoft.Extensions.Primitives": "7.0.0"
        }
      },
      "Microsoft.Extensions.Primitives": {
        "type": "Transitive",
        "resolved": "7.0.0",
        "contentHash": "um1KU5kxcRp3CNuI8o/GrZtD4AIOXDk+RLsytjZ9QPok3ttLUelLKpilVPuaFT3TFjOhSibUAso0odbOaCDj3Q=="
      },
      "Microsoft.OpenApi": {
        "type": "Transitive",
        "resolved": "1.4.3",
        "contentHash": "rURwggB+QZYcSVbDr7HSdhw/FELvMlriW10OeOzjPT7pstefMo7IThhtNtDudxbXhW+lj0NfX72Ka5EDsG8x6w=="
      },
      "Namotion.Reflection": {
        "type": "Transitive",
        "resolved": "2.1.2",
        "contentHash": "7tSHAzX8GWKy0qrW6OgQWD7kAZiqzhq+m1503qczuwuK6ZYhOGCQUxw+F3F4KkRM70aB6RMslsRVSCFeouIehw==",
        "dependencies": {
          "Microsoft.CSharp": "4.3.0"
        }
      },
      "NetTopologySuite.Features": {
        "type": "Transitive",
        "resolved": "2.1.0",
        "contentHash": "Iq+Ie9WZJj8Pyu3asHZ/UwZLim786QzWC0DmLEzFK2u3BeLHDK7iWfsYBLDb/RCBUql8VBmW6LMlsJ+LKUHduA==",
        "dependencies": {
          "NetTopologySuite": "[2.0.0, 3.0.0-A)"
        }
      },
      "Newtonsoft.Json": {
        "type": "Transitive",
        "resolved": "13.0.1",
        "contentHash": "ppPFpBcvxdsfUonNcvITKqLl3bqxWbDCZIzDWHzjpdAHRFfZe0Dw9HmA0+za13IdyrgJwpkDTDA9fHaxOrt20A=="
      },
      "NJsonSchema": {
        "type": "Transitive",
        "resolved": "10.9.0",
        "contentHash": "IBPo6Srxn2MEcIFM3HdM4QImrJbsIeujENQyzHL2Pv6wLsKSYAyAEilecRqaLOhoy3snEiPLx7hhv7opbhOxKQ==",
        "dependencies": {
          "Namotion.Reflection": "2.1.2",
          "Newtonsoft.Json": "9.0.1"
        }
      },
      "NJsonSchema.Yaml": {
        "type": "Transitive",
        "resolved": "10.9.0",
        "contentHash": "lGOtsydEnX1mVLT2Cyre7mST7K7crveYtai9FGC2i7COKEMEFjsfbnUtgXSHKxS/bzxVEIjLa49tR6xw34WkEw==",
        "dependencies": {
          "Microsoft.CSharp": "4.4.1",
          "NJsonSchema": "10.9.0",
          "YamlDotNet": "11.2.1"
        }
      },
      "NSwag.Annotations": {
        "type": "Transitive",
        "resolved": "13.20.0",
        "contentHash": "eujjioff/+DVb15fm1hpMJ3XeESgn/XBbiZtKkVGQmab3W3yEd84O8a5tlQhboWdPSlYm7fpZKEln2tG4lyMCw=="
      },
      "NSwag.Core": {
        "type": "Transitive",
        "resolved": "13.20.0",
        "contentHash": "0p20tMdetqKU2gtm3SRoXMvJqxTSFs8SktnmUO1aSsKk6aAClvolED+EXdDRj71cQTMnYL+x+rrIZlvU505Y+A==",
        "dependencies": {
          "NJsonSchema": "10.9.0",
          "Newtonsoft.Json": "10.0.1"
        }
      },
      "NSwag.Core.Yaml": {
        "type": "Transitive",
        "resolved": "13.20.0",
        "contentHash": "2GZ/DPprfLDBDFvy2hvbmpi2Axg12bb9zafcJqGiCu0esXR/4poy1IictCms1TAA+4BdEMJnpX5c3JVkabjssA==",
        "dependencies": {
          "NJsonSchema.Yaml": "10.9.0",
          "NSwag.Core": "13.20.0",
          "YamlDotNet": "11.2.1"
        }
      },
      "NSwag.Generation": {
        "type": "Transitive",
        "resolved": "13.20.0",
        "contentHash": "Chgb+UC3jI6mXWWv61n0uq3kkbB683ZwcjpjLnWScqHKc2melkCARjUM1Yqpq/w0eOHm53L3qzzASr26BM+DKw==",
        "dependencies": {
          "NJsonSchema": "10.9.0",
          "NSwag.Core": "13.20.0",
          "Newtonsoft.Json": "10.0.1"
        }
      },
      "NSwag.Generation.AspNetCore": {
        "type": "Transitive",
        "resolved": "13.20.0",
        "contentHash": "OpUg0VIRsz3lJjA5Hql3eBtzsGgdCzzNw8SY0837b2Aqecg4O2hOKPdX+ZnTRDusJn4ttSLbLC03UYbembG4Pw==",
        "dependencies": {
          "Microsoft.Extensions.DependencyInjection.Abstractions": "[7.0.0, 8.0.0)",
          "Microsoft.Extensions.Options": "[7.0.0, 8.0.0)",
          "NSwag.Generation": "13.20.0"
        }
      },
      "Swashbuckle.AspNetCore.Swagger": {
        "type": "Transitive",
        "resolved": "6.5.0",
        "contentHash": "XWmCmqyFmoItXKFsQSwQbEAsjDKcxlNf1l+/Ki42hcb6LjKL8m5Db69OTvz5vLonMSRntYO1XLqz0OP+n3vKnA==",
        "dependencies": {
          "Microsoft.OpenApi": "1.2.3"
        }
      },
      "Swashbuckle.AspNetCore.SwaggerGen": {
        "type": "Transitive",
        "resolved": "6.5.0",
        "contentHash": "Y/qW8Qdg9OEs7V013tt+94OdPxbRdbhcEbw4NiwGvf4YBcfhL/y7qp/Mjv/cENsQ2L3NqJ2AOu94weBy/h4KvA==",
        "dependencies": {
          "Swashbuckle.AspNetCore.Swagger": "6.5.0"
        }
      },
      "Swashbuckle.AspNetCore.SwaggerUI": {
        "type": "Transitive",
        "resolved": "6.5.0",
        "contentHash": "OvbvxX+wL8skxTBttcBsVxdh73Fag4xwqEU2edh4JMn7Ws/xJHnY/JB1e9RoCb6XpDxUF3hD9A0Z1lEUx40Pfw=="
      },
      "System.Memory": {
        "type": "Transitive",
        "resolved": "4.5.4",
        "contentHash": "1MbJTHS1lZ4bS4FmsJjnuGJOu88ZzTT2rLvrhW7Ygic+pC0NWA+3hgAen0HRdsocuQXCkUTdFn9yHJJhsijDXw=="
      },
      "System.Runtime.CompilerServices.Unsafe": {
        "type": "Transitive",
        "resolved": "6.0.0",
        "contentHash": "/iUeP3tq1S0XdNNoMz5C9twLSrM/TH+qElHkXWaPvuNOt+99G75NrV0OS2EqHx5wMN7popYjpc8oTjC1y16DLg=="
      },
      "System.Text.Encodings.Web": {
        "type": "Transitive",
        "resolved": "6.0.0",
        "contentHash": "Vg8eB5Tawm1IFqj4TVK1czJX89rhFxJo9ELqc/Eiq0eXy13RK00eubyU6TJE6y+GQXjyV5gSfiewDUZjQgSE0w==",
        "dependencies": {
          "System.Runtime.CompilerServices.Unsafe": "6.0.0"
        }
      },
      "System.Text.Json": {
        "type": "Transitive",
        "resolved": "6.0.3",
        "contentHash": "1Bi8pSdTTVNVKcGFiU1o9Iq6FwFyGQmgBgGHxy9pPvZANXc1cT6D72j+r/H/NsyVnWxKIxOgI3o7DrAwC3zcaA==",
        "dependencies": {
          "System.Runtime.CompilerServices.Unsafe": "6.0.0",
          "System.Text.Encodings.Web": "6.0.0"
        }
      },
      "YamlDotNet": {
        "type": "Transitive",
        "resolved": "11.2.1",
        "contentHash": "tBt8K+korVfrjH9wyDEhiLKxbs8qoLCLIFwvYgkSUuMC9//w3z0cFQ8LQAI/5MCKq+BMil0cfRTRvPeE7eXhQw=="
      }
    }
  }
}